
Microsoft Visual Studio Solution File, Format Version 12.00
# Visual Studio Version 16
VisualStudioVersion = 25.0.1706.1
MinimumVisualStudioVersion = 10.0.40219.1
Project("{FAE04EC0-301F-11D3-BF4B-00C04F79EFBC}") = "Real Digital Sim Stock", "Real Digital Sim Stock.csproj", "{8BE72BA6-C89C-4816-93B2-3003872B44C9}"
EndProject
Global
	GlobalSection(SolutionConfigurationPlatforms) = preSolution
		Debug|Any CPU = Debug|Any CPU
		Release|Any CPU = Release|Any CPU
	EndGlobalSection
	GlobalSection(ProjectConfigurationPlatforms) = postSolution
		{8BE72BA6-C89C-4816-93B2-3003872B44C9}.Debug|Any CPU.ActiveCfg = Debug|Any CPU
		{8BE72BA6-C89C-4816-93B2-3003872B44C9}.Debug|Any CPU.Build.0 = Debug|Any CPU
		{8BE72BA6-C89C-4816-93B2-3003872B44C9}.Release|Any CPU.ActiveCfg = Release|Any CPU
		{8BE72BA6-C89C-4816-93B2-3003872B44C9}.Release|Any CPU.Build.0 = Release|Any CPU
	EndGlobalSection
	GlobalSection(SolutionProperties) = preSolution
		HideSolutionNode = FALSE
	EndGlobalSection
	GlobalSection(ExtensibilityGlobals) = postSolution
		SolutionGuid = {A8478449-764E-434F-8914-3869CA596EF4}
	EndGlobalSection
EndGlobal
